
Microsoft Visual Studio Solution File, Format Version 12.00
# Visual Studio 15
Project("{FAE04EC0-301F-11D3-BF4B-00C04F79EFBC}") = "XamarinForms-CardViewCustomRenderer.Android", "XamarinForms-CardViewCustomRenderer.Android\XamarinForms-CardViewCustomRenderer.Android.csproj", "{81779952-C016-4938-A0B0-9BDEE439F6EA}"
EndProject
Project("{FAE04EC0-301F-11D3-BF4B-00C04F79EFBC}") = "XamarinForms-CardViewCustomRenderer.iOS", "XamarinForms-CardViewCustomRenderer.iOS\XamarinForms-CardViewCustomRenderer.iOS.csproj", "{87CB425F-4732-43C5-8714-2CFA3188508A}"
EndProject
Project("{FAE04EC0-301F-11D3-BF4B-00C04F79EFBC}") = "XamarinForms-CardViewCustomRenderer", "XamarinForms-CardViewCustomRenderer\XamarinForms-CardViewCustomRenderer.csproj", "{B0D76292-2151-44AD-A499-78404DE7607D}"
EndProject
Global
	GlobalSection(SolutionConfigurationPlatforms) = preSolution
		Debug|Any CPU = Debug|Any CPU
		Release|Any CPU = Release|Any CPU
		Debug|iPhoneSimulator = Debug|iPhoneSimulator
		Release|iPhoneSimulator = Release|iPhoneSimulator
		Debug|iPhone = Debug|iPhone
		Release|iPhone = Release|iPhone
		Ad-Hoc|iPhone = Ad-Hoc|iPhone
		AppStore|iPhone = AppStore|iPhone
	EndGlobalSection
	GlobalSection(ProjectConfigurationPlatforms) = postSolution
		{81779952-C016-4938-A0B0-9BDEE439F6EA}.Debug|Any CPU.ActiveCfg = Debug|Any CPU
		{81779952-C016-4938-A0B0-9BDEE439F6EA}.Debug|Any CPU.Build.0 = Debug|Any CPU
		{81779952-C016-4938-A0B0-9BDEE439F6EA}.Release|Any CPU.ActiveCfg = Release|Any CPU
		{81779952-C016-4938-A0B0-9BDEE439F6EA}.Release|Any CPU.Build.0 = Release|Any CPU
		{81779952-C016-4938-A0B0-9BDEE439F6EA}.Debug|iPhoneSimulator.ActiveCfg = Debug|Any CPU
		{81779952-C016-4938-A0B0-9BDEE439F6EA}.Debug|iPhoneSimulator.Build.0 = Debug|Any CPU
		{81779952-C016-4938-A0B0-9BDEE439F6EA}.Release|iPhoneSimulator.ActiveCfg = Release|Any CPU
		{81779952-C016-4938-A0B0-9BDEE439F6EA}.Release|iPhoneSimulator.Build.0 = Release|Any CPU
		{81779952-C016-4938-A0B0-9BDEE439F6EA}.Debug|iPhone.ActiveCfg = Debug|Any CPU
		{81779952-C016-4938-A0B0-9BDEE439F6EA}.Debug|iPhone.Build.0 = Debug|Any CPU
		{81779952-C016-4938-A0B0-9BDEE439F6EA}.Release|iPhone.ActiveCfg = Release|Any CPU
		{81779952-C016-4938-A0B0-9BDEE439F6EA}.Release|iPhone.Build.0 = Release|Any CPU
		{81779952-C016-4938-A0B0-9BDEE439F6EA}.Ad-Hoc|iPhone.ActiveCfg = Debug|Any CPU
		{81779952-C016-4938-A0B0-9BDEE439F6EA}.Ad-Hoc|iPhone.Build.0 = Debug|Any CPU
		{81779952-C016-4938-A0B0-9BDEE439F6EA}.AppStore|iPhone.ActiveCfg = Debug|Any CPU
		{81779952-C016-4938-A0B0-9BDEE439F6EA}.AppStore|iPhone.Build.0 = Debug|Any CPU
		{87CB425F-4732-43C5-8714-2CFA3188508A}.Debug|Any CPU.ActiveCfg = Debug|iPhoneSimulator
		{87CB425F-4732-43C5-8714-2CFA3188508A}.Debug|Any CPU.Build.0 = Debug|iPhoneSimulator
		{87CB425F-4732-43C5-8714-2CFA3188508A}.Release|Any CPU.ActiveCfg = Release|iPhoneSimulator
		{87CB425F-4732-43C5-8714-2CFA3188508A}.Release|Any CPU.Build.0 = Release|iPhoneSimulator
		{87CB425F-4732-43C5-8714-2CFA3188508A}.Debug|iPhoneSimulator.ActiveCfg = Debug|iPhoneSimulator
		{87CB425F-4732-43C5-8714-2CFA3188508A}.Debug|iPhoneSimulator.Build.0 = Debug|iPhoneSimulator
		{87CB425F-4732-43C5-8714-2CFA3188508A}.Release|iPhoneSimulator.ActiveCfg = Release|iPhoneSimulator
		{87CB425F-4732-43C5-8714-2CFA3188508A}.Release|iPhoneSimulator.Build.0 = Release|iPhoneSimulator
		{87CB425F-4732-43C5-8714-2CFA3188508A}.Debug|iPhone.ActiveCfg = Debug|iPhone
		{87CB425F-4732-43C5-8714-2CFA3188508A}.Debug|iPhone.Build.0 = Debug|iPhone
		{87CB425F-4732-43C5-8714-2CFA3188508A}.Release|iPhone.ActiveCfg = Release|iPhone
		{87CB425F-4732-43C5-8714-2CFA3188508A}.Release|iPhone.Build.0 = Release|iPhone
		{87CB425F-4732-43C5-8714-2CFA3188508A}.Ad-Hoc|iPhone.ActiveCfg = Ad-Hoc|iPhone
		{87CB425F-4732-43C5-8714-2CFA3188508A}.Ad-Hoc|iPhone.Build.0 = Ad-Hoc|iPhone
		{87CB425F-4732-43C5-8714-2CFA3188508A}.AppStore|iPhone.ActiveCfg = AppStore|iPhone
		{87CB425F-4732-43C5-8714-2CFA3188508A}.AppStore|iPhone.Build.0 = AppStore|iPhone
		{B0D76292-2151-44AD-A499-78404DE7607D}.Debug|Any CPU.ActiveCfg = Debug|Any CPU
		{B0D76292-2151-44AD-A499-78404DE7607D}.Debug|Any CPU.Build.0 = Debug|Any CPU
		{B0D76292-2151-44AD-A499-78404DE7607D}.Release|Any CPU.ActiveCfg = Release|Any CPU
		{B0D76292-2151-44AD-A499-78404DE7607D}.Release|Any CPU.Build.0 = Release|Any CPU
		{B0D76292-2151-44AD-A499-78404DE7607D}.Debug|iPhoneSimulator.ActiveCfg = Debug|Any CPU
		{B0D76292-2151-44AD-A499-78404DE7607D}.Debug|iPhoneSimulator.Build.0 = Debug|Any CPU
		{B0D76292-2151-44AD-A499-78404DE7607D}.Release|iPhoneSimulator.ActiveCfg = Release|Any CPU
		{B0D76292-2151-44AD-A499-78404DE7607D}.Release|iPhoneSimulator.Build.0 = Release|Any CPU
		{B0D76292-2151-44AD-A499-78404DE7607D}.Debug|iPhone.ActiveCfg = Debug|Any CPU
		{B0D76292-2151-44AD-A499-78404DE7607D}.Debug|iPhone.Build.0 = Debug|Any CPU
		{B0D76292-2151-44AD-A499-78404DE7607D}.Release|iPhone.ActiveCfg = Release|Any CPU
		{B0D76292-2151-44AD-A499-78404DE7607D}.Release|iPhone.Build.0 = Release|Any CPU
		{B0D76292-2151-44AD-A499-78404DE7607D}.Ad-Hoc|iPhone.ActiveCfg = Debug|Any CPU
		{B0D76292-2151-44AD-A499-78404DE7607D}.Ad-Hoc|iPhone.Build.0 = Debug|Any CPU
		{B0D76292-2151-44AD-A499-78404DE7607D}.AppStore|iPhone.ActiveCfg = Debug|Any CPU
		{B0D76292-2151-44AD-A499-78404DE7607D}.AppStore|iPhone.Build.0 = Debug|Any CPU
	EndGlobalSection
EndGlobal
